
Microsoft Visual Studio Solution File, Format Version 12.00
# Visual Studio Version 17
VisualStudioVersion = 17.11.35327.3
MinimumVisualStudioVersion = 10.0.40219.1
Project("{FAE04EC0-301F-11D3-BF4B-00C04F79EFBC}") = "Proyecto IC 01", "Proyecto IC 01\Proyecto IC 01.csproj", "{76F5202C-7E02-4545-8929-79C2C0DA2FBB}"
EndProject
Global
	GlobalSection(SolutionConfigurationPlatforms) = preSolution
		Debug|Any CPU = Debug|Any CPU
		Release|Any CPU = Release|Any CPU
	EndGlobalSection
	GlobalSection(ProjectConfigurationPlatforms) = postSolution
		{76F5202C-7E02-4545-8929-79C2C0DA2FBB}.Debug|Any CPU.ActiveCfg = Debug|Any CPU
		{76F5202C-7E02-4545-8929-79C2C0DA2FBB}.Debug|Any CPU.Build.0 = Debug|Any CPU
		{76F5202C-7E02-4545-8929-79C2C0DA2FBB}.Release|Any CPU.ActiveCfg = Release|Any CPU
		{76F5202C-7E02-4545-8929-79C2C0DA2FBB}.Release|Any CPU.Build.0 = Release|Any CPU
	EndGlobalSection
	GlobalSection(SolutionProperties) = preSolution
		HideSolutionNode = FALSE
	EndGlobalSection
	GlobalSection(ExtensibilityGlobals) = postSolution
		SolutionGuid = {AB4B0002-52BD-4E8D-8832-E51ECB0BBAF7}
	EndGlobalSection
EndGlobal
